
Microsoft Visual Studio Solution File, Format Version 12.00
# Visual Studio 15
VisualStudioVersion = 15.0.27703.2047
MinimumVisualStudioVersion = 10.0.40219.1
Project("{9A19103F-16F7-4668-BE54-9A1E7A4F7556}") = "IntegrationTestingExample", "IntegrationTestingExample\IntegrationTestingExample.csproj", "{D2305905-02E8-4FC0-8852-AF55272B8B38}"
EndProject
Project("{9A19103F-16F7-4668-BE54-9A1E7A4F7556}") = "IntegrationTestingExample.IntegrationTests", "IntegrationTestingExample.IntegrationTests\IntegrationTestingExample.IntegrationTests.csproj", "{892285A1-2580-4828-895A-8F6384FD2552}"
EndProject
Project("{FAE04EC0-301F-11D3-BF4B-00C04F79EFBC}") = "WebApplication1.Core2.1", "WebApplication1.Core2.1\WebApplication1.Core2.1.csproj", "{0CF5E50E-015D-4C1F-9C39-65B8DFFE97F1}"
EndProject
Global
	GlobalSection(SolutionConfigurationPlatforms) = preSolution
		Debug|Any CPU = Debug|Any CPU
		Release|Any CPU = Release|Any CPU
	EndGlobalSection
	GlobalSection(ProjectConfigurationPlatforms) = postSolution
		{D2305905-02E8-4FC0-8852-AF55272B8B38}.Debug|Any CPU.ActiveCfg = Debug|Any CPU
		{D2305905-02E8-4FC0-8852-AF55272B8B38}.Debug|Any CPU.Build.0 = Debug|Any CPU
		{D2305905-02E8-4FC0-8852-AF55272B8B38}.Release|Any CPU.ActiveCfg = Release|Any CPU
		{D2305905-02E8-4FC0-8852-AF55272B8B38}.Release|Any CPU.Build.0 = Release|Any CPU
		{892285A1-2580-4828-895A-8F6384FD2552}.Debug|Any CPU.ActiveCfg = Debug|Any CPU
		{892285A1-2580-4828-895A-8F6384FD2552}.Debug|Any CPU.Build.0 = Debug|Any CPU
		{892285A1-2580-4828-895A-8F6384FD2552}.Release|Any CPU.ActiveCfg = Release|Any CPU
		{892285A1-2580-4828-895A-8F6384FD2552}.Release|Any CPU.Build.0 = Release|Any CPU
		{0CF5E50E-015D-4C1F-9C39-65B8DFFE97F1}.Debug|Any CPU.ActiveCfg = Debug|Any CPU
		{0CF5E50E-015D-4C1F-9C39-65B8DFFE97F1}.Debug|Any CPU.Build.0 = Debug|Any CPU
		{0CF5E50E-015D-4C1F-9C39-65B8DFFE97F1}.Release|Any CPU.ActiveCfg = Release|Any CPU
		{0CF5E50E-015D-4C1F-9C39-65B8DFFE97F1}.Release|Any CPU.Build.0 = Release|Any CPU
	EndGlobalSection
	GlobalSection(SolutionProperties) = preSolution
		HideSolutionNode = FALSE
	EndGlobalSection
	GlobalSection(ExtensibilityGlobals) = postSolution
		SolutionGuid = {33C028C5-582B-437D-B198-E9A3E5A4B6D5}
	EndGlobalSection
EndGlobal
